# THIS IS AN AUTOGENERATED FILE. DO NOT EDIT THIS FILE DIRECTLY.
# yarn lockfile v1


"@fontsource/poppins@^4.5.8":
  version "4.5.8"
  resolved "https://registry.yarnpkg.com/@fontsource/poppins/-/poppins-4.5.8.tgz#65ce9b32f31bda5a25c23001bcebf1c66e440320"
  integrity sha512-HE9yLDxYJEcxooVrYvvEhtyxaYU32hQIx1+npKegVefceE0l0zi0ePqKWWxYxkFpyy6WuZSQ+9rai3INnYKEJA==
